
Microsoft Visual Studio Solution File, Format Version 12.00
# Visual Studio 2012
Project("{FAE04EC0-301F-11D3-BF4B-00C04F79EFBC}") = "001-我们的第一个c sharp程序", "001-我们的第一个c sharp程序\001-我们的第一个c sharp程序.csproj", "{F705F307-21F9-4A72-A27D-DEAB2938D4FA}"
EndProject
Project("{FAE04EC0-301F-11D3-BF4B-00C04F79EFBC}") = "002-变量", "002-变量\002-变量.csproj", "{953BEE04-F432-4C04-954C-905A158F53C3}"
EndProject
Project("{FAE04EC0-301F-11D3-BF4B-00C04F79EFBC}") = "003-变量的类型", "003-变量的类型\003-变量的类型.csproj", "{BD1CC3DB-A79C-4EA9-BA24-17E9CA273BBC}"
EndProject
Project("{FAE04EC0-301F-11D3-BF4B-00C04F79EFBC}") = "004-练习 定义变量存储主角的信息", "004-练习 定义变量存储主角的信息\004-练习 定义变量存储主角的信息.csproj", "{C1BF9ECF-ECA8-48BD-8FBD-AE96C90477CA}"
EndProject
Project("{FAE04EC0-301F-11D3-BF4B-00C04F79EFBC}") = "005-在字符串前面加上@字符", "005-在字符串前面加上@字符\005-在字符串前面加上@字符.csproj", "{7068BF66-EF92-4340-898D-670D4F908143}"
EndProject
Project("{FAE04EC0-301F-11D3-BF4B-00C04F79EFBC}") = "006-变量的声明和赋值", "006-变量的声明和赋值\006-变量的声明和赋值.csproj", "{93E47EC9-8957-4350-9085-89148FAD0C2B}"
EndProject
Project("{FAE04EC0-301F-11D3-BF4B-00C04F79EFBC}") = "007-数学运算符", "007-数学运算符\007-数学运算符.csproj", "{95B21BA8-0C6E-4D8A-BDCD-992704F00E81}"
EndProject
Project("{FAE04EC0-301F-11D3-BF4B-00C04F79EFBC}") = "008-数学运算符 自加和自减", "008-数学运算符 自加和自减\008-数学运算符 自加和自减.csproj", "{0548E08D-3FAB-4DE4-9C87-A724029445C2}"
EndProject
Project("{FAE04EC0-301F-11D3-BF4B-00C04F79EFBC}") = "009-从键盘上读取输入的字符串", "009-从键盘上读取输入的字符串\009-从键盘上读取输入的字符串.csproj", "{AEC9FB8D-72C3-45A5-A7E5-654FB1F8E0F9}"
EndProject
Project("{FAE04EC0-301F-11D3-BF4B-00C04F79EFBC}") = "010-接收输入，显示和", "010-接收输入，显示和\010-接收输入，显示和.csproj", "{537EDE1C-F899-4662-9E5C-DC1F661BC956}"
EndProject
Project("{FAE04EC0-301F-11D3-BF4B-00C04F79EFBC}") = "011-赋值运算符", "010-赋值运算符\011-赋值运算符.csproj", "{DABE20B1-9031-45D1-89A5-B7325DC04E53}"
EndProject
Project("{FAE04EC0-301F-11D3-BF4B-00C04F79EFBC}") = "012-运算符的优先级", "012-运算符的优先级\012-运算符的优先级.csproj", "{628AF907-7877-4168-9A27-25DF1DD67C08}"
EndProject
Project("{FAE04EC0-301F-11D3-BF4B-00C04F79EFBC}") = "013-练习一和二", "013-练习一和二\013-练习一和二.csproj", "{0B8E0328-F51D-4DFE-8E32-86E2F7E11C72}"
EndProject
Project("{FAE04EC0-301F-11D3-BF4B-00C04F79EFBC}") = "014-练习3和4", "014-练习3和4\014-练习3和4.csproj", "{64B399E1-737A-48D5-B7F2-4159644B8FDC}"
EndProject
Project("{FAE04EC0-301F-11D3-BF4B-00C04F79EFBC}") = "015-练习5和6", "015-练习5和6\015-练习5和6.csproj", "{9335CD0D-57DA-4E67-BFCF-9CBF3B39129F}"
EndProject
Project("{FAE04EC0-301F-11D3-BF4B-00C04F79EFBC}") = "016-布尔运算", "016-布尔运算\016-布尔运算.csproj", "{ADBCEEB8-F2B6-4ED9-90EE-B9A35983C088}"
EndProject
Project("{FAE04EC0-301F-11D3-BF4B-00C04F79EFBC}") = "017-布尔运算符", "017-布尔运算符\017-布尔运算符.csproj", "{C6D0123C-7FE3-439F-A114-819956383803}"
EndProject
Project("{FAE04EC0-301F-11D3-BF4B-00C04F79EFBC}") = "018-条件布尔运算符", "条件布尔运算符\018-条件布尔运算符.csproj", "{29DCF7B7-FC73-4C16-BBBC-B6DF665A55FF}"
EndProject
Project("{FAE04EC0-301F-11D3-BF4B-00C04F79EFBC}") = "019-关于goto语句", "019-关于goto语句\019-关于goto语句.csproj", "{0876BC07-E9F0-4E0C-9B3C-3AC9C3FF5875}"
EndProject
Project("{FAE04EC0-301F-11D3-BF4B-00C04F79EFBC}") = "020-if语句", "020-if语句\020-if语句.csproj", "{807D84ED-468C-43E1-9F3A-1AE7A1DE9F84}"
EndProject
Project("{FAE04EC0-301F-11D3-BF4B-00C04F79EFBC}") = "021-三元运算符", "021-三元运算符\021-三元运算符.csproj", "{C5910386-E4CF-41F2-9F16-FD48A0C92679}"
EndProject
Project("{FAE04EC0-301F-11D3-BF4B-00C04F79EFBC}") = "022-使用if else if else语句做多条件判断", "022-使用if else if else语句做多条件判断\022-使用if else if else语句做多条件判断.csproj", "{D0074F14-FC4D-4609-A46E-7133C19E1848}"
EndProject
Project("{FAE04EC0-301F-11D3-BF4B-00C04F79EFBC}") = "023-switch语句", "023-switch语句\023-switch语句.csproj", "{109F9E6E-713E-48F6-BF8A-DC04E6C30345}"
EndProject
Project("{FAE04EC0-301F-11D3-BF4B-00C04F79EFBC}") = "024-while循环", "024-while循环\024-while循环.csproj", "{F41B63F4-1F46-4FBB-B191-D5E4160F4FC8}"
EndProject
Project("{FAE04EC0-301F-11D3-BF4B-00C04F79EFBC}") = "025-do while循环", "025-do while循环\025-do while循环.csproj", "{6DE0C70E-3172-4641-9434-2857464C4624}"
EndProject
Project("{FAE04EC0-301F-11D3-BF4B-00C04F79EFBC}") = "026-for循环", "026-for循环\026-for循环.csproj", "{F71042E5-BC64-45F2-8836-65B9F6A108C5}"
EndProject
Project("{FAE04EC0-301F-11D3-BF4B-00C04F79EFBC}") = "027-循环的终止break", "027-循环的终止break\027-循环的终止break.csproj", "{DCB75D08-3838-41AB-9596-B75DF4ABDB5D}"
EndProject
Project("{FAE04EC0-301F-11D3-BF4B-00C04F79EFBC}") = "028-循环的中断continue", "028-循环的中断continue\028-循环的中断continue.csproj", "{41C5E98E-3599-40EA-A358-5E6EB42FFFBB}"
EndProject
Project("{FAE04EC0-301F-11D3-BF4B-00C04F79EFBC}") = "029-goto和return来跳出循环", "029-goto和return来跳出循环\029-goto和return来跳出循环.csproj", "{6DF6D1B9-FD80-4D88-AF3C-E3B1867A65E8}"
EndProject
Project("{FAE04EC0-301F-11D3-BF4B-00C04F79EFBC}") = "030-练习1和2 布尔运算符和数学运算符练习", "030-练习1和2 布尔运算符和数学运算符练习\030-练习1和2 布尔运算符和数学运算符练习.csproj", "{0B8FB5FC-10AA-4F74-B226-7536C9EFD187}"
EndProject
Project("{FAE04EC0-301F-11D3-BF4B-00C04F79EFBC}") = "031-练习3和4 for循环练习", "031-练习3和4 for循环练习\031-练习3和4 for循环练习.csproj", "{208E6D0C-6619-4888-B83C-70295EFAE6DB}"
EndProject
Project("{FAE04EC0-301F-11D3-BF4B-00C04F79EFBC}") = "032-练习6和7 for循环和循环的嵌套调用", "032-练习5和6 for循环和循环的嵌套调用\032-练习6和7 for循环和循环的嵌套调用.csproj", "{C8F9A8A1-64D6-4233-9C81-CC28B7B3AEA7}"
EndProject
Project("{FAE04EC0-301F-11D3-BF4B-00C04F79EFBC}") = "033-练习8 9 for循环的嵌套调用", "033-for循环的嵌套调用\033-练习8 9 for循环的嵌套调用.csproj", "{C0EDC12B-0756-4351-93B8-51B8F4A66500}"
EndProject
Project("{FAE04EC0-301F-11D3-BF4B-00C04F79EFBC}") = "034-练习10-11 循环结构练习，字符和字符串操作", "034-练习10-11 循环结构练习，字符和字符串操作\034-练习10-11 循环结构练习，字符和字符串操作.csproj", "{3D02F47D-2D92-4A0A-875B-F3DEBC745400}"
EndProject
Project("{FAE04EC0-301F-11D3-BF4B-00C04F79EFBC}") = "035-练习12和13 循环练习", "035-练习12和13 循环练习\035-练习12和13 循环练习.csproj", "{CFD51D5C-0EC3-4C27-BE02-86780A09CE93}"
EndProject
Project("{FAE04EC0-301F-11D3-BF4B-00C04F79EFBC}") = "036-显示转换和隐式转换", "036-显示转换和隐式转换\036-显示转换和隐式转换.csproj", "{2741917C-0AC4-4107-B672-F9E1B7B6C9A7}"
EndProject
Project("{FAE04EC0-301F-11D3-BF4B-00C04F79EFBC}") = "037-枚举类型", "037-枚举类型\037-枚举类型.csproj", "{7E54AC0A-ECE9-4208-8FDB-95F40B58266B}"
EndProject
Project("{FAE04EC0-301F-11D3-BF4B-00C04F79EFBC}") = "038-结构体", "038-结构体\038-结构体.csproj", "{5C206DD7-D214-4049-881F-C93FCF2AB6A3}"
EndProject
Project("{FAE04EC0-301F-11D3-BF4B-00C04F79EFBC}") = "039-数组", "039-数组\039-数组.csproj", "{3D2DA2EE-19C0-4CA1-A9C3-41B26A27570A}"
EndProject
Project("{FAE04EC0-301F-11D3-BF4B-00C04F79EFBC}") = "040-数组的遍历", "040-数组的遍历\040-数组的遍历.csproj", "{4917D922-4123-4735-8E7C-79D9B04C864D}"
EndProject
Project("{FAE04EC0-301F-11D3-BF4B-00C04F79EFBC}") = "041-字符串处理", "041-字符串处理\041-字符串处理.csproj", "{C02F137E-BA8A-4586-A1EF-7F79EABFA5ED}"
EndProject
Project("{FAE04EC0-301F-11D3-BF4B-00C04F79EFBC}") = "042-练习1和2 练习循环结构", "042-练习1和2 练习循环结构\042-练习1和2 练习循环结构.csproj", "{070BDC3E-6A6F-47AF-8047-0279E522EF35}"
EndProject
Project("{FAE04EC0-301F-11D3-BF4B-00C04F79EFBC}") = "043-练习3和4 练习for循环和字符串操作", "043-练习3和4 练习for循环和字符串操作\043-练习3和4 练习for循环和字符串操作.csproj", "{2F1CBC86-789E-4411-B5C9-00F123EC97F2}"
EndProject
Project("{FAE04EC0-301F-11D3-BF4B-00C04F79EFBC}") = "044-练习5 对数组的排序", "044-练习5 对数组的排序\044-练习5 对数组的排序.csproj", "{14724885-3A06-40A9-BE47-F39242E7DDDB}"
EndProject
Project("{FAE04EC0-301F-11D3-BF4B-00C04F79EFBC}") = "045-练习6和7 循环练习", "045-练习6和7 循环练习\045-练习6和7 循环练习.csproj", "{1CC4A175-BC8E-4A70-8B87-1FFA41978FDC}"
EndProject
Project("{FAE04EC0-301F-11D3-BF4B-00C04F79EFBC}") = "046-练习8 9和10 for循环练习和字符串处理", "046-练习9和10 for循环练习和字符串处理\046-练习8 9和10 for循环练习和字符串处理.csproj", "{99B34838-4D82-4F6E-BC14-AF1E237A3B8D}"
EndProject
Project("{FAE04EC0-301F-11D3-BF4B-00C04F79EFBC}") = "047-练习11和12 循环练习和字符串处理", "047-练习11和12 循环练习和字符串处理\047-练习11和12 循环练习和字符串处理.csproj", "{8B0197E1-BFE9-4E0B-BF0D-A1A2DD363670}"
EndProject
Project("{FAE04EC0-301F-11D3-BF4B-00C04F79EFBC}") = "048-函数的定义", "048-函数的定义\048-函数的定义.csproj", "{979DA985-E8C3-43B9-A995-C24D1C30E501}"
EndProject
Project("{FAE04EC0-301F-11D3-BF4B-00C04F79EFBC}") = "049-函数的定义和使用 案例学习", "049-函数的定义和使用 案例学习\049-函数的定义和使用 案例学习.csproj", "{C4CA2BA1-6E84-4F35-8E6F-0AAA997ECCAF}"
EndProject
Project("{FAE04EC0-301F-11D3-BF4B-00C04F79EFBC}") = "050-参数数组 （定义一个参数个数不确定的函数）", "050-参数数组 （定义一个参数个数不确定的函数）\050-参数数组 （定义一个参数个数不确定的函数）.csproj", "{D37871E7-27E4-4C08-8381-F8DDC6859259}"
EndProject
Project("{FAE04EC0-301F-11D3-BF4B-00C04F79EFBC}") = "051-结构函数的定义和使用", "051-结构函数的定义和使用\051-结构函数的定义和使用.csproj", "{DC048120-2715-486C-9C93-5D66A1230C4A}"
EndProject
Project("{FAE04EC0-301F-11D3-BF4B-00C04F79EFBC}") = "052-函数的重载", "052-函数的重载\052-函数的重载.csproj", "{54FC8AFE-3E87-4040-B22A-E8820E92EEDF}"
EndProject
Project("{FAE04EC0-301F-11D3-BF4B-00C04F79EFBC}") = "053-委托的使用", "053-委托的使用\053-委托的使用.csproj", "{2E948C49-9EF4-43FA-A5B4-A7E62D9EED86}"
EndProject
Project("{FAE04EC0-301F-11D3-BF4B-00C04F79EFBC}") = "054-函数的递归调用", "054-函数的递归调用\054-函数的递归调用.csproj", "{A847A384-1C31-4B3B-98B8-4EDA81F0DA8E}"
EndProject
Project("{FAE04EC0-301F-11D3-BF4B-00C04F79EFBC}") = "055-练习5和6 循环练习和函数练习", "055-练习5和6 循环练习和函数练习\055-练习5和6 循环练习和函数练习.csproj", "{46D7595E-3457-4A1A-9688-F5CE52BBF00F}"
EndProject
Project("{FAE04EC0-301F-11D3-BF4B-00C04F79EFBC}") = "056-练习7 8 9", "056-练习7 8 9\056-练习7 8 9.csproj", "{BD60EA6C-5D6F-4636-B163-6F4FB940BA70}"
EndProject
Project("{FAE04EC0-301F-11D3-BF4B-00C04F79EFBC}") = "057-练习10和11 循环结构练习", "057-练习10和11 循环结构练习\057-练习10和11 循环结构练习.csproj", "{584E69FA-D5D4-4AD1-AA7D-A078CAACC554}"
EndProject
Global
	GlobalSection(SolutionConfigurationPlatforms) = preSolution
		Debug|Any CPU = Debug|Any CPU
		Release|Any CPU = Release|Any CPU
	EndGlobalSection
	GlobalSection(ProjectConfigurationPlatforms) = postSolution
		{F705F307-21F9-4A72-A27D-DEAB2938D4FA}.Debug|Any CPU.ActiveCfg = Debug|Any CPU
		{F705F307-21F9-4A72-A27D-DEAB2938D4FA}.Debug|Any CPU.Build.0 = Debug|Any CPU
		{F705F307-21F9-4A72-A27D-DEAB2938D4FA}.Release|Any CPU.ActiveCfg = Release|Any CPU
		{F705F307-21F9-4A72-A27D-DEAB2938D4FA}.Release|Any CPU.Build.0 = Release|Any CPU
		{953BEE04-F432-4C04-954C-905A158F53C3}.Debug|Any CPU.ActiveCfg = Debug|Any CPU
		{953BEE04-F432-4C04-954C-905A158F53C3}.Debug|Any CPU.Build.0 = Debug|Any CPU
		{953BEE04-F432-4C04-954C-905A158F53C3}.Release|Any CPU.ActiveCfg = Release|Any CPU
		{953BEE04-F432-4C04-954C-905A158F53C3}.Release|Any CPU.Build.0 = Release|Any CPU
		{BD1CC3DB-A79C-4EA9-BA24-17E9CA273BBC}.Debug|Any CPU.ActiveCfg = Debug|Any CPU
		{BD1CC3DB-A79C-4EA9-BA24-17E9CA273BBC}.Debug|Any CPU.Build.0 = Debug|Any CPU
		{BD1CC3DB-A79C-4EA9-BA24-17E9CA273BBC}.Release|Any CPU.ActiveCfg = Release|Any CPU
		{BD1CC3DB-A79C-4EA9-BA24-17E9CA273BBC}.Release|Any CPU.Build.0 = Release|Any CPU
		{C1BF9ECF-ECA8-48BD-8FBD-AE96C90477CA}.Debug|Any CPU.ActiveCfg = Debug|Any CPU
		{C1BF9ECF-ECA8-48BD-8FBD-AE96C90477CA}.Debug|Any CPU.Build.0 = Debug|Any CPU
		{C1BF9ECF-ECA8-48BD-8FBD-AE96C90477CA}.Release|Any CPU.ActiveCfg = Release|Any CPU
		{C1BF9ECF-ECA8-48BD-8FBD-AE96C90477CA}.Release|Any CPU.Build.0 = Release|Any CPU
		{7068BF66-EF92-4340-898D-670D4F908143}.Debug|Any CPU.ActiveCfg = Debug|Any CPU
		{7068BF66-EF92-4340-898D-670D4F908143}.Debug|Any CPU.Build.0 = Debug|Any CPU
		{7068BF66-EF92-4340-898D-670D4F908143}.Release|Any CPU.ActiveCfg = Release|Any CPU
		{7068BF66-EF92-4340-898D-670D4F908143}.Release|Any CPU.Build.0 = Release|Any CPU
		{93E47EC9-8957-4350-9085-89148FAD0C2B}.Debug|Any CPU.ActiveCfg = Debug|Any CPU
		{93E47EC9-8957-4350-9085-89148FAD0C2B}.Debug|Any CPU.Build.0 = Debug|Any CPU
		{93E47EC9-8957-4350-9085-89148FAD0C2B}.Release|Any CPU.ActiveCfg = Release|Any CPU
		{93E47EC9-8957-4350-9085-89148FAD0C2B}.Release|Any CPU.Build.0 = Release|Any CPU
		{95B21BA8-0C6E-4D8A-BDCD-992704F00E81}.Debug|Any CPU.ActiveCfg = Debug|Any CPU
		{95B21BA8-0C6E-4D8A-BDCD-992704F00E81}.Debug|Any CPU.Build.0 = Debug|Any CPU
		{95B21BA8-0C6E-4D8A-BDCD-992704F00E81}.Release|Any CPU.ActiveCfg = Release|Any CPU
		{95B21BA8-0C6E-4D8A-BDCD-992704F00E81}.Release|Any CPU.Build.0 = Release|Any CPU
		{0548E08D-3FAB-4DE4-9C87-A724029445C2}.Debug|Any CPU.ActiveCfg = Debug|Any CPU
		{0548E08D-3FAB-4DE4-9C87-A724029445C2}.Debug|Any CPU.Build.0 = Debug|Any CPU
		{0548E08D-3FAB-4DE4-9C87-A724029445C2}.Release|Any CPU.ActiveCfg = Release|Any CPU
		{0548E08D-3FAB-4DE4-9C87-A724029445C2}.Release|Any CPU.Build.0 = Release|Any CPU
		{AEC9FB8D-72C3-45A5-A7E5-654FB1F8E0F9}.Debug|Any CPU.ActiveCfg = Debug|Any CPU
		{AEC9FB8D-72C3-45A5-A7E5-654FB1F8E0F9}.Debug|Any CPU.Build.0 = Debug|Any CPU
		{AEC9FB8D-72C3-45A5-A7E5-654FB1F8E0F9}.Release|Any CPU.ActiveCfg = Release|Any CPU
		{AEC9FB8D-72C3-45A5-A7E5-654FB1F8E0F9}.Release|Any CPU.Build.0 = Release|Any CPU
		{537EDE1C-F899-4662-9E5C-DC1F661BC956}.Debug|Any CPU.ActiveCfg = Debug|Any CPU
		{537EDE1C-F899-4662-9E5C-DC1F661BC956}.Debug|Any CPU.Build.0 = Debug|Any CPU
		{537EDE1C-F899-4662-9E5C-DC1F661BC956}.Release|Any CPU.ActiveCfg = Release|Any CPU
		{537EDE1C-F899-4662-9E5C-DC1F661BC956}.Release|Any CPU.Build.0 = Release|Any CPU
		{DABE20B1-9031-45D1-89A5-B7325DC04E53}.Debug|Any CPU.ActiveCfg = Debug|Any CPU
		{DABE20B1-9031-45D1-89A5-B7325DC04E53}.Debug|Any CPU.Build.0 = Debug|Any CPU
		{DABE20B1-9031-45D1-89A5-B7325DC04E53}.Release|Any CPU.ActiveCfg = Release|Any CPU
		{DABE20B1-9031-45D1-89A5-B7325DC04E53}.Release|Any CPU.Build.0 = Release|Any CPU
		{628AF907-7877-4168-9A27-25DF1DD67C08}.Debug|Any CPU.ActiveCfg = Debug|Any CPU
		{628AF907-7877-4168-9A27-25DF1DD67C08}.Debug|Any CPU.Build.0 = Debug|Any CPU
		{628AF907-7877-4168-9A27-25DF1DD67C08}.Release|Any CPU.ActiveCfg = Release|Any CPU
		{628AF907-7877-4168-9A27-25DF1DD67C08}.Release|Any CPU.Build.0 = Release|Any CPU
		{0B8E0328-F51D-4DFE-8E32-86E2F7E11C72}.Debug|Any CPU.ActiveCfg = Debug|Any CPU
		{0B8E0328-F51D-4DFE-8E32-86E2F7E11C72}.Debug|Any CPU.Build.0 = Debug|Any CPU
		{0B8E0328-F51D-4DFE-8E32-86E2F7E11C72}.Release|Any CPU.ActiveCfg = Release|Any CPU
		{0B8E0328-F51D-4DFE-8E32-86E2F7E11C72}.Release|Any CPU.Build.0 = Release|Any CPU
		{64B399E1-737A-48D5-B7F2-4159644B8FDC}.Debug|Any CPU.ActiveCfg = Debug|Any CPU
		{64B399E1-737A-48D5-B7F2-4159644B8FDC}.Debug|Any CPU.Build.0 = Debug|Any CPU
		{64B399E1-737A-48D5-B7F2-4159644B8FDC}.Release|Any CPU.ActiveCfg = Release|Any CPU
		{64B399E1-737A-48D5-B7F2-4159644B8FDC}.Release|Any CPU.Build.0 = Release|Any CPU
		{9335CD0D-57DA-4E67-BFCF-9CBF3B39129F}.Debug|Any CPU.ActiveCfg = Debug|Any CPU
		{9335CD0D-57DA-4E67-BFCF-9CBF3B39129F}.Debug|Any CPU.Build.0 = Debug|Any CPU
		{9335CD0D-57DA-4E67-BFCF-9CBF3B39129F}.Release|Any CPU.ActiveCfg = Release|Any CPU
		{9335CD0D-57DA-4E67-BFCF-9CBF3B39129F}.Release|Any CPU.Build.0 = Release|Any CPU
		{ADBCEEB8-F2B6-4ED9-90EE-B9A35983C088}.Debug|Any CPU.ActiveCfg = Debug|Any CPU
		{ADBCEEB8-F2B6-4ED9-90EE-B9A35983C088}.Debug|Any CPU.Build.0 = Debug|Any CPU
		{ADBCEEB8-F2B6-4ED9-90EE-B9A35983C088}.Release|Any CPU.ActiveCfg = Release|Any CPU
		{ADBCEEB8-F2B6-4ED9-90EE-B9A35983C088}.Release|Any CPU.Build.0 = Release|Any CPU
		{C6D0123C-7FE3-439F-A114-819956383803}.Debug|Any CPU.ActiveCfg = Debug|Any CPU
		{C6D0123C-7FE3-439F-A114-819956383803}.Debug|Any CPU.Build.0 = Debug|Any CPU
		{C6D0123C-7FE3-439F-A114-819956383803}.Release|Any CPU.ActiveCfg = Release|Any CPU
		{C6D0123C-7FE3-439F-A114-819956383803}.Release|Any CPU.Build.0 = Release|Any CPU
		{29DCF7B7-FC73-4C16-BBBC-B6DF665A55FF}.Debug|Any CPU.ActiveCfg = Debug|Any CPU
		{29DCF7B7-FC73-4C16-BBBC-B6DF665A55FF}.Debug|Any CPU.Build.0 = Debug|Any CPU
		{29DCF7B7-FC73-4C16-BBBC-B6DF665A55FF}.Release|Any CPU.ActiveCfg = Release|Any CPU
		{29DCF7B7-FC73-4C16-BBBC-B6DF665A55FF}.Release|Any CPU.Build.0 = Release|Any CPU
		{0876BC07-E9F0-4E0C-9B3C-3AC9C3FF5875}.Debug|Any CPU.ActiveCfg = Debug|Any CPU
		{0876BC07-E9F0-4E0C-9B3C-3AC9C3FF5875}.Debug|Any CPU.Build.0 = Debug|Any CPU
		{0876BC07-E9F0-4E0C-9B3C-3AC9C3FF5875}.Release|Any CPU.ActiveCfg = Release|Any CPU
		{0876BC07-E9F0-4E0C-9B3C-3AC9C3FF5875}.Release|Any CPU.Build.0 = Release|Any CPU
		{807D84ED-468C-43E1-9F3A-1AE7A1DE9F84}.Debug|Any CPU.ActiveCfg = Debug|Any CPU
		{807D84ED-468C-43E1-9F3A-1AE7A1DE9F84}.Debug|Any CPU.Build.0 = Debug|Any CPU
		{807D84ED-468C-43E1-9F3A-1AE7A1DE9F84}.Release|Any CPU.ActiveCfg = Release|Any CPU
		{807D84ED-468C-43E1-9F3A-1AE7A1DE9F84}.Release|Any CPU.Build.0 = Release|Any CPU
		{C5910386-E4CF-41F2-9F16-FD48A0C92679}.Debug|Any CPU.ActiveCfg = Debug|Any CPU
		{C5910386-E4CF-41F2-9F16-FD48A0C92679}.Debug|Any CPU.Build.0 = Debug|Any CPU
		{C5910386-E4CF-41F2-9F16-FD48A0C92679}.Release|Any CPU.ActiveCfg = Release|Any CPU
		{C5910386-E4CF-41F2-9F16-FD48A0C92679}.Release|Any CPU.Build.0 = Release|Any CPU
		{D0074F14-FC4D-4609-A46E-7133C19E1848}.Debug|Any CPU.ActiveCfg = Debug|Any CPU
		{D0074F14-FC4D-4609-A46E-7133C19E1848}.Debug|Any CPU.Build.0 = Debug|Any CPU
		{D0074F14-FC4D-4609-A46E-7133C19E1848}.Release|Any CPU.ActiveCfg = Release|Any CPU
		{D0074F14-FC4D-4609-A46E-7133C19E1848}.Release|Any CPU.Build.0 = Release|Any CPU
		{109F9E6E-713E-48F6-BF8A-DC04E6C30345}.Debug|Any CPU.ActiveCfg = Debug|Any CPU
		{109F9E6E-713E-48F6-BF8A-DC04E6C30345}.Debug|Any CPU.Build.0 = Debug|Any CPU
		{109F9E6E-713E-48F6-BF8A-DC04E6C30345}.Release|Any CPU.ActiveCfg = Release|Any CPU
		{109F9E6E-713E-48F6-BF8A-DC04E6C30345}.Release|Any CPU.Build.0 = Release|Any CPU
		{F41B63F4-1F46-4FBB-B191-D5E4160F4FC8}.Debug|Any CPU.ActiveCfg = Debug|Any CPU
		{F41B63F4-1F46-4FBB-B191-D5E4160F4FC8}.Debug|Any CPU.Build.0 = Debug|Any CPU
		{F41B63F4-1F46-4FBB-B191-D5E4160F4FC8}.Release|Any CPU.ActiveCfg = Release|Any CPU
		{F41B63F4-1F46-4FBB-B191-D5E4160F4FC8}.Release|Any CPU.Build.0 = Release|Any CPU
		{6DE0C70E-3172-4641-9434-2857464C4624}.Debug|Any CPU.ActiveCfg = Debug|Any CPU
		{6DE0C70E-3172-4641-9434-2857464C4624}.Debug|Any CPU.Build.0 = Debug|Any CPU
		{6DE0C70E-3172-4641-9434-2857464C4624}.Release|Any CPU.ActiveCfg = Release|Any CPU
		{6DE0C70E-3172-4641-9434-2857464C4624}.Release|Any CPU.Build.0 = Release|Any CPU
		{F71042E5-BC64-45F2-8836-65B9F6A108C5}.Debug|Any CPU.ActiveCfg = Debug|Any CPU
		{F71042E5-BC64-45F2-8836-65B9F6A108C5}.Debug|Any CPU.Build.0 = Debug|Any CPU
		{F71042E5-BC64-45F2-8836-65B9F6A108C5}.Release|Any CPU.ActiveCfg = Release|Any CPU
		{F71042E5-BC64-45F2-8836-65B9F6A108C5}.Release|Any CPU.Build.0 = Release|Any CPU
		{DCB75D08-3838-41AB-9596-B75DF4ABDB5D}.Debug|Any CPU.ActiveCfg = Debug|Any CPU
		{DCB75D08-3838-41AB-9596-B75DF4ABDB5D}.Debug|Any CPU.Build.0 = Debug|Any CPU
		{DCB75D08-3838-41AB-9596-B75DF4ABDB5D}.Release|Any CPU.ActiveCfg = Release|Any CPU
		{DCB75D08-3838-41AB-9596-B75DF4ABDB5D}.Release|Any CPU.Build.0 = Release|Any CPU
		{41C5E98E-3599-40EA-A358-5E6EB42FFFBB}.Debug|Any CPU.ActiveCfg = Debug|Any CPU
		{41C5E98E-3599-40EA-A358-5E6EB42FFFBB}.Debug|Any CPU.Build.0 = Debug|Any CPU
		{41C5E98E-3599-40EA-A358-5E6EB42FFFBB}.Release|Any CPU.ActiveCfg = Release|Any CPU
		{41C5E98E-3599-40EA-A358-5E6EB42FFFBB}.Release|Any CPU.Build.0 = Release|Any CPU
		{6DF6D1B9-FD80-4D88-AF3C-E3B1867A65E8}.Debug|Any CPU.ActiveCfg = Debug|Any CPU
		{6DF6D1B9-FD80-4D88-AF3C-E3B1867A65E8}.Debug|Any CPU.Build.0 = Debug|Any CPU
		{6DF6D1B9-FD80-4D88-AF3C-E3B1867A65E8}.Release|Any CPU.ActiveCfg = Release|Any CPU
		{6DF6D1B9-FD80-4D88-AF3C-E3B1867A65E8}.Release|Any CPU.Build.0 = Release|Any CPU
		{0B8FB5FC-10AA-4F74-B226-7536C9EFD187}.Debug|Any CPU.ActiveCfg = Debug|Any CPU
		{0B8FB5FC-10AA-4F74-B226-7536C9EFD187}.Debug|Any CPU.Build.0 = Debug|Any CPU
		{0B8FB5FC-10AA-4F74-B226-7536C9EFD187}.Release|Any CPU.ActiveCfg = Release|Any CPU
		{0B8FB5FC-10AA-4F74-B226-7536C9EFD187}.Release|Any CPU.Build.0 = Release|Any CPU
		{208E6D0C-6619-4888-B83C-70295EFAE6DB}.Debug|Any CPU.ActiveCfg = Debug|Any CPU
		{208E6D0C-6619-4888-B83C-70295EFAE6DB}.Debug|Any CPU.Build.0 = Debug|Any CPU
		{208E6D0C-6619-4888-B83C-70295EFAE6DB}.Release|Any CPU.ActiveCfg = Release|Any CPU
		{208E6D0C-6619-4888-B83C-70295EFAE6DB}.Release|Any CPU.Build.0 = Release|Any CPU
		{C8F9A8A1-64D6-4233-9C81-CC28B7B3AEA7}.Debug|Any CPU.ActiveCfg = Debug|Any CPU
		{C8F9A8A1-64D6-4233-9C81-CC28B7B3AEA7}.Debug|Any CPU.Build.0 = Debug|Any CPU
		{C8F9A8A1-64D6-4233-9C81-CC28B7B3AEA7}.Release|Any CPU.ActiveCfg = Release|Any CPU
		{C8F9A8A1-64D6-4233-9C81-CC28B7B3AEA7}.Release|Any CPU.Build.0 = Release|Any CPU
		{C0EDC12B-0756-4351-93B8-51B8F4A66500}.Debug|Any CPU.ActiveCfg = Debug|Any CPU
		{C0EDC12B-0756-4351-93B8-51B8F4A66500}.Debug|Any CPU.Build.0 = Debug|Any CPU
		{C0EDC12B-0756-4351-93B8-51B8F4A66500}.Release|Any CPU.ActiveCfg = Release|Any CPU
		{C0EDC12B-0756-4351-93B8-51B8F4A66500}.Release|Any CPU.Build.0 = Release|Any CPU
		{3D02F47D-2D92-4A0A-875B-F3DEBC745400}.Debug|Any CPU.ActiveCfg = Debug|Any CPU
		{3D02F47D-2D92-4A0A-875B-F3DEBC745400}.Debug|Any CPU.Build.0 = Debug|Any CPU
		{3D02F47D-2D92-4A0A-875B-F3DEBC745400}.Release|Any CPU.ActiveCfg = Release|Any CPU
		{3D02F47D-2D92-4A0A-875B-F3DEBC745400}.Release|Any CPU.Build.0 = Release|Any CPU
		{CFD51D5C-0EC3-4C27-BE02-86780A09CE93}.Debug|Any CPU.ActiveCfg = Debug|Any CPU
		{CFD51D5C-0EC3-4C27-BE02-86780A09CE93}.Debug|Any CPU.Build.0 = Debug|Any CPU
		{CFD51D5C-0EC3-4C27-BE02-86780A09CE93}.Release|Any CPU.ActiveCfg = Release|Any CPU
		{CFD51D5C-0EC3-4C27-BE02-86780A09CE93}.Release|Any CPU.Build.0 = Release|Any CPU
		{2741917C-0AC4-4107-B672-F9E1B7B6C9A7}.Debug|Any CPU.ActiveCfg = Debug|Any CPU
		{2741917C-0AC4-4107-B672-F9E1B7B6C9A7}.Debug|Any CPU.Build.0 = Debug|Any CPU
		{2741917C-0AC4-4107-B672-F9E1B7B6C9A7}.Release|Any CPU.ActiveCfg = Release|Any CPU
		{2741917C-0AC4-4107-B672-F9E1B7B6C9A7}.Release|Any CPU.Build.0 = Release|Any CPU
		{7E54AC0A-ECE9-4208-8FDB-95F40B58266B}.Debug|Any CPU.ActiveCfg = Debug|Any CPU
		{7E54AC0A-ECE9-4208-8FDB-95F40B58266B}.Debug|Any CPU.Build.0 = Debug|Any CPU
		{7E54AC0A-ECE9-4208-8FDB-95F40B58266B}.Release|Any CPU.ActiveCfg = Release|Any CPU
		{7E54AC0A-ECE9-4208-8FDB-95F40B58266B}.Release|Any CPU.Build.0 = Release|Any CPU
		{5C206DD7-D214-4049-881F-C93FCF2AB6A3}.Debug|Any CPU.ActiveCfg = Debug|Any CPU
		{5C206DD7-D214-4049-881F-C93FCF2AB6A3}.Debug|Any CPU.Build.0 = Debug|Any CPU
		{5C206DD7-D214-4049-881F-C93FCF2AB6A3}.Release|Any CPU.ActiveCfg = Release|Any CPU
		{5C206DD7-D214-4049-881F-C93FCF2AB6A3}.Release|Any CPU.Build.0 = Release|Any CPU
		{3D2DA2EE-19C0-4CA1-A9C3-41B26A27570A}.Debug|Any CPU.ActiveCfg = Debug|Any CPU
		{3D2DA2EE-19C0-4CA1-A9C3-41B26A27570A}.Debug|Any CPU.Build.0 = Debug|Any CPU
		{3D2DA2EE-19C0-4CA1-A9C3-41B26A27570A}.Release|Any CPU.ActiveCfg = Release|Any CPU
		{3D2DA2EE-19C0-4CA1-A9C3-41B26A27570A}.Release|Any CPU.Build.0 = Release|Any CPU
		{4917D922-4123-4735-8E7C-79D9B04C864D}.Debug|Any CPU.ActiveCfg = Debug|Any CPU
		{4917D922-4123-4735-8E7C-79D9B04C864D}.Debug|Any CPU.Build.0 = Debug|Any CPU
		{4917D922-4123-4735-8E7C-79D9B04C864D}.Release|Any CPU.ActiveCfg = Release|Any CPU
		{4917D922-4123-4735-8E7C-79D9B04C864D}.Release|Any CPU.Build.0 = Release|Any CPU
		{C02F137E-BA8A-4586-A1EF-7F79EABFA5ED}.Debug|Any CPU.ActiveCfg = Debug|Any CPU
		{C02F137E-BA8A-4586-A1EF-7F79EABFA5ED}.Debug|Any CPU.Build.0 = Debug|Any CPU
		{C02F137E-BA8A-4586-A1EF-7F79EABFA5ED}.Release|Any CPU.ActiveCfg = Release|Any CPU
		{C02F137E-BA8A-4586-A1EF-7F79EABFA5ED}.Release|Any CPU.Build.0 = Release|Any CPU
		{070BDC3E-6A6F-47AF-8047-0279E522EF35}.Debug|Any CPU.ActiveCfg = Debug|Any CPU
		{070BDC3E-6A6F-47AF-8047-0279E522EF35}.Debug|Any CPU.Build.0 = Debug|Any CPU
		{070BDC3E-6A6F-47AF-8047-0279E522EF35}.Release|Any CPU.ActiveCfg = Release|Any CPU
		{070BDC3E-6A6F-47AF-8047-0279E522EF35}.Release|Any CPU.Build.0 = Release|Any CPU
		{2F1CBC86-789E-4411-B5C9-00F123EC97F2}.Debug|Any CPU.ActiveCfg = Debug|Any CPU
		{2F1CBC86-789E-4411-B5C9-00F123EC97F2}.Debug|Any CPU.Build.0 = Debug|Any CPU
		{2F1CBC86-789E-4411-B5C9-00F123EC97F2}.Release|Any CPU.ActiveCfg = Release|Any CPU
		{2F1CBC86-789E-4411-B5C9-00F123EC97F2}.Release|Any CPU.Build.0 = Release|Any CPU
		{14724885-3A06-40A9-BE47-F39242E7DDDB}.Debug|Any CPU.ActiveCfg = Debug|Any CPU
		{14724885-3A06-40A9-BE47-F39242E7DDDB}.Debug|Any CPU.Build.0 = Debug|Any CPU
		{14724885-3A06-40A9-BE47-F39242E7DDDB}.Release|Any CPU.ActiveCfg = Release|Any CPU
		{14724885-3A06-40A9-BE47-F39242E7DDDB}.Release|Any CPU.Build.0 = Release|Any CPU
		{1CC4A175-BC8E-4A70-8B87-1FFA41978FDC}.Debug|Any CPU.ActiveCfg = Debug|Any CPU
		{1CC4A175-BC8E-4A70-8B87-1FFA41978FDC}.Debug|Any CPU.Build.0 = Debug|Any CPU
		{1CC4A175-BC8E-4A70-8B87-1FFA41978FDC}.Release|Any CPU.ActiveCfg = Release|Any CPU
		{1CC4A175-BC8E-4A70-8B87-1FFA41978FDC}.Release|Any CPU.Build.0 = Release|Any CPU
		{99B34838-4D82-4F6E-BC14-AF1E237A3B8D}.Debug|Any CPU.ActiveCfg = Debug|Any CPU
		{99B34838-4D82-4F6E-BC14-AF1E237A3B8D}.Debug|Any CPU.Build.0 = Debug|Any CPU
		{99B34838-4D82-4F6E-BC14-AF1E237A3B8D}.Release|Any CPU.ActiveCfg = Release|Any CPU
		{99B34838-4D82-4F6E-BC14-AF1E237A3B8D}.Release|Any CPU.Build.0 = Release|Any CPU
		{8B0197E1-BFE9-4E0B-BF0D-A1A2DD363670}.Debug|Any CPU.ActiveCfg = Debug|Any CPU
		{8B0197E1-BFE9-4E0B-BF0D-A1A2DD363670}.Debug|Any CPU.Build.0 = Debug|Any CPU
		{8B0197E1-BFE9-4E0B-BF0D-A1A2DD363670}.Release|Any CPU.ActiveCfg = Release|Any CPU
		{8B0197E1-BFE9-4E0B-BF0D-A1A2DD363670}.Release|Any CPU.Build.0 = Release|Any CPU
		{979DA985-E8C3-43B9-A995-C24D1C30E501}.Debug|Any CPU.ActiveCfg = Debug|Any CPU
		{979DA985-E8C3-43B9-A995-C24D1C30E501}.Debug|Any CPU.Build.0 = Debug|Any CPU
		{979DA985-E8C3-43B9-A995-C24D1C30E501}.Release|Any CPU.ActiveCfg = Release|Any CPU
		{979DA985-E8C3-43B9-A995-C24D1C30E501}.Release|Any CPU.Build.0 = Release|Any CPU
		{C4CA2BA1-6E84-4F35-8E6F-0AAA997ECCAF}.Debug|Any CPU.ActiveCfg = Debug|Any CPU
		{C4CA2BA1-6E84-4F35-8E6F-0AAA997ECCAF}.Debug|Any CPU.Build.0 = Debug|Any CPU
		{C4CA2BA1-6E84-4F35-8E6F-0AAA997ECCAF}.Release|Any CPU.ActiveCfg = Release|Any CPU
		{C4CA2BA1-6E84-4F35-8E6F-0AAA997ECCAF}.Release|Any CPU.Build.0 = Release|Any CPU
		{D37871E7-27E4-4C08-8381-F8DDC6859259}.Debug|Any CPU.ActiveCfg = Debug|Any CPU
		{D37871E7-27E4-4C08-8381-F8DDC6859259}.Debug|Any CPU.Build.0 = Debug|Any CPU
		{D37871E7-27E4-4C08-8381-F8DDC6859259}.Release|Any CPU.ActiveCfg = Release|Any CPU
		{D37871E7-27E4-4C08-8381-F8DDC6859259}.Release|Any CPU.Build.0 = Release|Any CPU
		{DC048120-2715-486C-9C93-5D66A1230C4A}.Debug|Any CPU.ActiveCfg = Debug|Any CPU
		{DC048120-2715-486C-9C93-5D66A1230C4A}.Debug|Any CPU.Build.0 = Debug|Any CPU
		{DC048120-2715-486C-9C93-5D66A1230C4A}.Release|Any CPU.ActiveCfg = Release|Any CPU
		{DC048120-2715-486C-9C93-5D66A1230C4A}.Release|Any CPU.Build.0 = Release|Any CPU
		{54FC8AFE-3E87-4040-B22A-E8820E92EEDF}.Debug|Any CPU.ActiveCfg = Debug|Any CPU
		{54FC8AFE-3E87-4040-B22A-E8820E92EEDF}.Debug|Any CPU.Build.0 = Debug|Any CPU
		{54FC8AFE-3E87-4040-B22A-E8820E92EEDF}.Release|Any CPU.ActiveCfg = Release|Any CPU
		{54FC8AFE-3E87-4040-B22A-E8820E92EEDF}.Release|Any CPU.Build.0 = Release|Any CPU
		{2E948C49-9EF4-43FA-A5B4-A7E62D9EED86}.Debug|Any CPU.ActiveCfg = Debug|Any CPU
		{2E948C49-9EF4-43FA-A5B4-A7E62D9EED86}.Debug|Any CPU.Build.0 = Debug|Any CPU
		{2E948C49-9EF4-43FA-A5B4-A7E62D9EED86}.Release|Any CPU.ActiveCfg = Release|Any CPU
		{2E948C49-9EF4-43FA-A5B4-A7E62D9EED86}.Release|Any CPU.Build.0 = Release|Any CPU
		{A847A384-1C31-4B3B-98B8-4EDA81F0DA8E}.Debug|Any CPU.ActiveCfg = Debug|Any CPU
		{A847A384-1C31-4B3B-98B8-4EDA81F0DA8E}.Debug|Any CPU.Build.0 = Debug|Any CPU
		{A847A384-1C31-4B3B-98B8-4EDA81F0DA8E}.Release|Any CPU.ActiveCfg = Release|Any CPU
		{A847A384-1C31-4B3B-98B8-4EDA81F0DA8E}.Release|Any CPU.Build.0 = Release|Any CPU
		{46D7595E-3457-4A1A-9688-F5CE52BBF00F}.Debug|Any CPU.ActiveCfg = Debug|Any CPU
		{46D7595E-3457-4A1A-9688-F5CE52BBF00F}.Debug|Any CPU.Build.0 = Debug|Any CPU
		{46D7595E-3457-4A1A-9688-F5CE52BBF00F}.Release|Any CPU.ActiveCfg = Release|Any CPU
		{46D7595E-3457-4A1A-9688-F5CE52BBF00F}.Release|Any CPU.Build.0 = Release|Any CPU
		{BD60EA6C-5D6F-4636-B163-6F4FB940BA70}.Debug|Any CPU.ActiveCfg = Debug|Any CPU
		{BD60EA6C-5D6F-4636-B163-6F4FB940BA70}.Debug|Any CPU.Build.0 = Debug|Any CPU
		{BD60EA6C-5D6F-4636-B163-6F4FB940BA70}.Release|Any CPU.ActiveCfg = Release|Any CPU
		{BD60EA6C-5D6F-4636-B163-6F4FB940BA70}.Release|Any CPU.Build.0 = Release|Any CPU
		{584E69FA-D5D4-4AD1-AA7D-A078CAACC554}.Debug|Any CPU.ActiveCfg = Debug|Any CPU
		{584E69FA-D5D4-4AD1-AA7D-A078CAACC554}.Debug|Any CPU.Build.0 = Debug|Any CPU
		{584E69FA-D5D4-4AD1-AA7D-A078CAACC554}.Release|Any CPU.ActiveCfg = Release|Any CPU
		{584E69FA-D5D4-4AD1-AA7D-A078CAACC554}.Release|Any CPU.Build.0 = Release|Any CPU
	EndGlobalSection
	GlobalSection(SolutionProperties) = preSolution
		HideSolutionNode = FALSE
	EndGlobalSection
EndGlobal
