
Microsoft Visual Studio Solution File, Format Version 12.00
# Visual Studio 2012
Project("{FAE04EC0-301F-11D3-BF4B-00C04F79EFBC}") = "001-socket编程-tcp协议-客户端", "001-socket编程-tcp协议-客户端\001-socket编程-tcp协议-客户端.csproj", "{B294A12F-BB1C-4DB6-97DE-A5429D2627B2}"
EndProject
Project("{FAE04EC0-301F-11D3-BF4B-00C04F79EFBC}") = "002-socket编程-udp协议-客户端", "002-socket编程-udp协议-客户端\002-socket编程-udp协议-客户端.csproj", "{E2528FF2-6D6D-4FB7-8FBD-DA0085458446}"
EndProject
Project("{FAE04EC0-301F-11D3-BF4B-00C04F79EFBC}") = "003-tcpclient", "003-tcpclient\003-tcpclient.csproj", "{0C5EA623-EC25-439D-9B30-5AD957D5C852}"
EndProject
Project("{FAE04EC0-301F-11D3-BF4B-00C04F79EFBC}") = "004-udpclient", "004-udpclient\004-udpclient.csproj", "{242688F5-D48B-4ACF-866B-97F84CCA5108}"
EndProject
Global
	GlobalSection(SolutionConfigurationPlatforms) = preSolution
		Debug|Any CPU = Debug|Any CPU
		Release|Any CPU = Release|Any CPU
	EndGlobalSection
	GlobalSection(ProjectConfigurationPlatforms) = postSolution
		{B294A12F-BB1C-4DB6-97DE-A5429D2627B2}.Debug|Any CPU.ActiveCfg = Debug|Any CPU
		{B294A12F-BB1C-4DB6-97DE-A5429D2627B2}.Debug|Any CPU.Build.0 = Debug|Any CPU
		{B294A12F-BB1C-4DB6-97DE-A5429D2627B2}.Release|Any CPU.ActiveCfg = Release|Any CPU
		{B294A12F-BB1C-4DB6-97DE-A5429D2627B2}.Release|Any CPU.Build.0 = Release|Any CPU
		{E2528FF2-6D6D-4FB7-8FBD-DA0085458446}.Debug|Any CPU.ActiveCfg = Debug|Any CPU
		{E2528FF2-6D6D-4FB7-8FBD-DA0085458446}.Debug|Any CPU.Build.0 = Debug|Any CPU
		{E2528FF2-6D6D-4FB7-8FBD-DA0085458446}.Release|Any CPU.ActiveCfg = Release|Any CPU
		{E2528FF2-6D6D-4FB7-8FBD-DA0085458446}.Release|Any CPU.Build.0 = Release|Any CPU
		{0C5EA623-EC25-439D-9B30-5AD957D5C852}.Debug|Any CPU.ActiveCfg = Debug|Any CPU
		{0C5EA623-EC25-439D-9B30-5AD957D5C852}.Debug|Any CPU.Build.0 = Debug|Any CPU
		{0C5EA623-EC25-439D-9B30-5AD957D5C852}.Release|Any CPU.ActiveCfg = Release|Any CPU
		{0C5EA623-EC25-439D-9B30-5AD957D5C852}.Release|Any CPU.Build.0 = Release|Any CPU
		{242688F5-D48B-4ACF-866B-97F84CCA5108}.Debug|Any CPU.ActiveCfg = Debug|Any CPU
		{242688F5-D48B-4ACF-866B-97F84CCA5108}.Debug|Any CPU.Build.0 = Debug|Any CPU
		{242688F5-D48B-4ACF-866B-97F84CCA5108}.Release|Any CPU.ActiveCfg = Release|Any CPU
		{242688F5-D48B-4ACF-866B-97F84CCA5108}.Release|Any CPU.Build.0 = Release|Any CPU
	EndGlobalSection
	GlobalSection(SolutionProperties) = preSolution
		HideSolutionNode = FALSE
	EndGlobalSection
EndGlobal
